# This file is automatically @generated by Cargo.
# It is not intended for manual editing.
version = 4

[[package]]
name = "energy"
version = "0.1.0"

[[package]]
name = "ffi"
version = "0.1.0"

[[package]]
name = "optimiser"
version = "0.1.0"

[[package]]
name = "packs"
version = "0.1.0"

[[package]]
name = "pipeline"
version = "0.1.0"

[[package]]
name = "routing"
version = "0.1.0"
